# THIS IS AN AUTOGENERATED FILE. DO NOT EDIT THIS FILE DIRECTLY.
# yarn lockfile v1


yaml@^2.0.0-9:
  version "2.0.0-9"
  resolved "https://registry.yarnpkg.com/yaml/-/yaml-2.0.0-9.tgz#0099f0645d1ffa686a2c5141b6da340f545d3634"
  integrity sha512-Bf2KowHjyVkIIiGMt7+fbhmlvKOaE8DWuD07bnL4+FQ9sPmEl/5IzGpBpoxPqOaHuyasBjJhyXDcISpJWfhCGw==
